
Microsoft Visual Studio Solution File, Format Version 12.00
# Visual Studio Version 17
VisualStudioVersion = 17.14.36401.2 d17.14
MinimumVisualStudioVersion = 10.0.40219.1
Project("{FAE04EC0-301F-11D3-BF4B-00C04F79EFBC}") = "Arbol_AVL", "Arbol_AVL.csproj", "{3473C553-C05A-4EB1-9974-2B98101BB262}"
EndProject
Global
	GlobalSection(SolutionConfigurationPlatforms) = preSolution
		Debug|Any CPU = Debug|Any CPU
		Release|Any CPU = Release|Any CPU
	EndGlobalSection
	GlobalSection(ProjectConfigurationPlatforms) = postSolution
		{3473C553-C05A-4EB1-9974-2B98101BB262}.Debug|Any CPU.ActiveCfg = Debug|Any CPU
		{3473C553-C05A-4EB1-9974-2B98101BB262}.Debug|Any CPU.Build.0 = Debug|Any CPU
		{3473C553-C05A-4EB1-9974-2B98101BB262}.Release|Any CPU.ActiveCfg = Release|Any CPU
		{3473C553-C05A-4EB1-9974-2B98101BB262}.Release|Any CPU.Build.0 = Release|Any CPU
	EndGlobalSection
	GlobalSection(SolutionProperties) = preSolution
		HideSolutionNode = FALSE
	EndGlobalSection
	GlobalSection(ExtensibilityGlobals) = postSolution
		SolutionGuid = {71444A0B-453F-4C57-AE13-16AA18F7B44A}
	EndGlobalSection
EndGlobal
